{
    "name": "json-url-shortener",
    "version": "0.1.0",
    "lockfileVersion": 1,
    "requires": true,
    "dependencies": {
        "@types/commander": {
            "version": "2.12.2",
            "resolved": "https://registry.npmjs.org/@types/commander/-/commander-2.12.2.tgz",
            "integrity": "sha512-0QEFiR8ljcHp9bAbWxecjVRuAMr16ivPiGOw6KFQBVrVd0RQIcM3xKdRisH2EDWgVWujiYtHwhSkSUoAAGzH7Q==",
            "requires": {
                "commander": "2.19.0"
            }
        },
        "@types/fs-extra": {
            "version": "3.0.3",
            "resolved": "https://registry.npmjs.org/@types/fs-extra/-/fs-extra-3.0.3.tgz",
            "integrity": "sha512-o2qkg/J2LWK+sr007+KFBBOrxzxpr9kiP0gMFC75gQJXhUn/E3pQA0kSVdxrQ3lf+rOwsRnuH0wnR5MNTotEKg==",
            "requires": {
                "@types/node": "11.11.3"
            },
            "dependencies": {
                "@types/node": {
                    "version": "11.11.3",
                    "resolved": "https://registry.npmjs.org/@types/node/-/node-11.11.3.tgz",
                    "integrity": "sha512-wp6IOGu1lxsfnrD+5mX6qwSwWuqsdkKKxTN4aQc4wByHAKZJf9/D4KXPQ1POUjEbnCP5LMggB0OEFNY9OTsMqg=="
                }
            }
        },
        "@types/node": {
            "version": "7.10.5",
            "resolved": "https://registry.npmjs.org/@types/node/-/node-7.10.5.tgz",
            "integrity": "sha512-RYkagUUbxQBss46ElbEa+j4q4X3GR12QwB7a/PM5hmVuVkYoW1jENT1+taspKUv8ibwW8cw+kRFbOaTc/Key3w==",
            "dev": true
        },
        "commander": {
            "version": "2.19.0",
            "resolved": "https://registry.npmjs.org/commander/-/commander-2.19.0.tgz",
            "integrity": "sha512-6tvAOO+D6OENvRAh524Dh9jcfKTYDQAqvqezbCW82xj5X0pSrcpxtvRKHLG0yBY6SD7PSDrJaj+0AiOcKVd1Xg=="
        },
        "fs-extra": {
            "version": "3.0.1",
            "resolved": "https://registry.npmjs.org/fs-extra/-/fs-extra-3.0.1.tgz",
            "integrity": "sha1-N5TzeMWLNC6n27sjCVEJxLO2IpE=",
            "requires": {
                "graceful-fs": "4.1.15",
                "jsonfile": "3.0.1",
                "universalify": "0.1.2"
            }
        },
        "graceful-fs": {
            "version": "4.1.15",
            "resolved": "https://registry.npmjs.org/graceful-fs/-/graceful-fs-4.1.15.tgz",
            "integrity": "sha512-6uHUhOPEBgQ24HM+r6b/QwWfZq+yiFcipKFrOFiBEnWdy5sdzYoi+pJeQaPI5qOLRFqWmAXUPQNsielzdLoecA=="
        },
        "jsonfile": {
            "version": "3.0.1",
            "resolved": "https://registry.npmjs.org/jsonfile/-/jsonfile-3.0.1.tgz",
            "integrity": "sha1-pezG9l9T9mLEQVx2daAzHQmS7GY=",
            "requires": {
                "graceful-fs": "4.1.15"
            }
        },
        "typescript": {
            "version": "2.9.2",
            "resolved": "https://registry.npmjs.org/typescript/-/typescript-2.9.2.tgz",
            "integrity": "sha512-Gr4p6nFNaoufRIY4NMdpQRNmgxVIGMs4Fcu/ujdYk3nAZqk7supzBE9idmvfZIlH/Cuj//dvi+019qEue9lV0w==",
            "dev": true
        },
        "universalify": {
            "version": "0.1.2",
            "resolved": "https://registry.npmjs.org/universalify/-/universalify-0.1.2.tgz",
            "integrity": "sha512-rBJeI5CXAlmy1pV+617WB9J63U6XcazHHF2f2dbJix4XzpUF0RS3Zbj0FGIOCAva5P/d/GBOYaACQ1w+0azUkg=="
        }
    }
}
